
Microsoft Visual Studio Solution File, Format Version 12.00
# Visual Studio Version 17
VisualStudioVersion = 17.12.35527.113 d17.12
MinimumVisualStudioVersion = 10.0.40219.1
Project("{FAE04EC0-301F-11D3-BF4B-00C04F79EFBC}") = "ConsoleWebServer", "ConsoleWebServer.csproj", "{BD3C819E-7727-4AEB-9EA2-DB98DD99F60F}"
EndProject
Project("{FAE04EC0-301F-11D3-BF4B-00C04F79EFBC}") = "WebServer", "..\WebServer\WebServer.csproj", "{30134E8F-2B80-4FC2-9D71-98533D9A2D2C}"
EndProject
Global
	GlobalSection(SolutionConfigurationPlatforms) = preSolution
		Debug|Any CPU = Debug|Any CPU
		Release|Any CPU = Release|Any CPU
	EndGlobalSection
	GlobalSection(ProjectConfigurationPlatforms) = postSolution
		{BD3C819E-7727-4AEB-9EA2-DB98DD99F60F}.Debug|Any CPU.ActiveCfg = Debug|Any CPU
		{BD3C819E-7727-4AEB-9EA2-DB98DD99F60F}.Debug|Any CPU.Build.0 = Debug|Any CPU
		{BD3C819E-7727-4AEB-9EA2-DB98DD99F60F}.Release|Any CPU.ActiveCfg = Release|Any CPU
		{BD3C819E-7727-4AEB-9EA2-DB98DD99F60F}.Release|Any CPU.Build.0 = Release|Any CPU
		{30134E8F-2B80-4FC2-9D71-98533D9A2D2C}.Debug|Any CPU.ActiveCfg = Debug|Any CPU
		{30134E8F-2B80-4FC2-9D71-98533D9A2D2C}.Debug|Any CPU.Build.0 = Debug|Any CPU
		{30134E8F-2B80-4FC2-9D71-98533D9A2D2C}.Release|Any CPU.ActiveCfg = Release|Any CPU
		{30134E8F-2B80-4FC2-9D71-98533D9A2D2C}.Release|Any CPU.Build.0 = Release|Any CPU
	EndGlobalSection
	GlobalSection(SolutionProperties) = preSolution
		HideSolutionNode = FALSE
	EndGlobalSection
EndGlobal
